
Microsoft Visual Studio Solution File, Format Version 12.00
# Visual Studio Version 16
VisualStudioVersion = 16.0.30330.147
MinimumVisualStudioVersion = 10.0.40219.1
Project("{FAE04EC0-301F-11D3-BF4B-00C04F79EFBC}") = "DotvvmAMADemos.Calculator", "DotvvmAMADemos.Calculator\DotvvmAMADemos.Calculator.csproj", "{863B1A82-8A2A-4CCC-AA34-0CBF65567FA2}"
EndProject
Project("{FAE04EC0-301F-11D3-BF4B-00C04F79EFBC}") = "DotvvmAMADemos.Products", "DotvvmAMADemos.Products\DotvvmAMADemos.Products.csproj", "{16629739-00C0-4DC2-BC3E-4795B68630CD}"
EndProject
Global
	GlobalSection(SolutionConfigurationPlatforms) = preSolution
		Debug|Any CPU = Debug|Any CPU
		Release|Any CPU = Release|Any CPU
	EndGlobalSection
	GlobalSection(ProjectConfigurationPlatforms) = postSolution
		{863B1A82-8A2A-4CCC-AA34-0CBF65567FA2}.Debug|Any CPU.ActiveCfg = Debug|Any CPU
		{863B1A82-8A2A-4CCC-AA34-0CBF65567FA2}.Debug|Any CPU.Build.0 = Debug|Any CPU
		{863B1A82-8A2A-4CCC-AA34-0CBF65567FA2}.Release|Any CPU.ActiveCfg = Release|Any CPU
		{863B1A82-8A2A-4CCC-AA34-0CBF65567FA2}.Release|Any CPU.Build.0 = Release|Any CPU
		{16629739-00C0-4DC2-BC3E-4795B68630CD}.Debug|Any CPU.ActiveCfg = Debug|Any CPU
		{16629739-00C0-4DC2-BC3E-4795B68630CD}.Debug|Any CPU.Build.0 = Debug|Any CPU
		{16629739-00C0-4DC2-BC3E-4795B68630CD}.Release|Any CPU.ActiveCfg = Release|Any CPU
		{16629739-00C0-4DC2-BC3E-4795B68630CD}.Release|Any CPU.Build.0 = Release|Any CPU
	EndGlobalSection
	GlobalSection(SolutionProperties) = preSolution
		HideSolutionNode = FALSE
	EndGlobalSection
	GlobalSection(ExtensibilityGlobals) = postSolution
		SolutionGuid = {D7515E16-9476-4A73-9F46-875F34FD76CD}
	EndGlobalSection
EndGlobal
